
Microsoft Visual Studio Solution File, Format Version 12.00
# Visual Studio 15
VisualStudioVersion = 15.0.28307.1062
MinimumVisualStudioVersion = 10.0.40219.1
Project("{E24C65DC-7377-472B-9ABA-BC803B73C61A}") = "CvProje", "CvProje\", "{07308B39-22BC-43B9-B9DC-DBF318082CF9}"
	ProjectSection(WebsiteProperties) = preProject
		TargetFrameworkMoniker = ".NETFramework,Version%3Dv4.6.1"
		Debug.AspNetCompiler.VirtualPath = "/localhost_6061"
		Debug.AspNetCompiler.PhysicalPath = "CvProje\"
		Debug.AspNetCompiler.TargetPath = "PrecompiledWeb\localhost_6061\"
		Debug.AspNetCompiler.Updateable = "true"
		Debug.AspNetCompiler.ForceOverwrite = "true"
		Debug.AspNetCompiler.FixedNames = "false"
		Debug.AspNetCompiler.Debug = "True"
		Release.AspNetCompiler.VirtualPath = "/localhost_6061"
		Release.AspNetCompiler.PhysicalPath = "CvProje\"
		Release.AspNetCompiler.TargetPath = "PrecompiledWeb\localhost_6061\"
		Release.AspNetCompiler.Updateable = "true"
		Release.AspNetCompiler.ForceOverwrite = "true"
		Release.AspNetCompiler.FixedNames = "false"
		Release.AspNetCompiler.Debug = "False"
		VWDPort = "6061"
		DefaultWebSiteLanguage = "Visual C#"
	EndProjectSection
EndProject
Global
	GlobalSection(SolutionConfigurationPlatforms) = preSolution
		Debug|Any CPU = Debug|Any CPU
	EndGlobalSection
	GlobalSection(ProjectConfigurationPlatforms) = postSolution
		{07308B39-22BC-43B9-B9DC-DBF318082CF9}.Debug|Any CPU.ActiveCfg = Debug|Any CPU
		{07308B39-22BC-43B9-B9DC-DBF318082CF9}.Debug|Any CPU.Build.0 = Debug|Any CPU
	EndGlobalSection
	GlobalSection(SolutionProperties) = preSolution
		HideSolutionNode = FALSE
	EndGlobalSection
	GlobalSection(ExtensibilityGlobals) = postSolution
		SolutionGuid = {F695F15D-FC2E-4D32-9D21-B1F2F62D09CC}
	EndGlobalSection
EndGlobal
